
Microsoft Visual Studio Solution File, Format Version 12.00
# Visual Studio Version 17
VisualStudioVersion = 17.5.33424.131
MinimumVisualStudioVersion = 10.0.40219.1
Project("{9A19103F-16F7-4668-BE54-9A1E7A4F7556}") = "CarManagement", "CarModelManagement\CarManagement.csproj", "{A01EDDBC-DF83-4A6C-B882-4F4127DD58D9}"
EndProject
Project("{9A19103F-16F7-4668-BE54-9A1E7A4F7556}") = "CarManagement.DataLayer", "DataLayer\CarManagement.DataLayer.csproj", "{A23162CB-6B63-4A27-AD8B-2830CBD80C67}"
EndProject
Project("{FAE04EC0-301F-11D3-BF4B-00C04F79EFBC}") = "CarManagement.ServiceLayer", "CarManagement.ServiceLayer\CarManagement.ServiceLayer.csproj", "{2688BA58-FC43-4759-9A15-7C61BBF03B9B}"
EndProject
Global
	GlobalSection(SolutionConfigurationPlatforms) = preSolution
		Debug|Any CPU = Debug|Any CPU
		Release|Any CPU = Release|Any CPU
	EndGlobalSection
	GlobalSection(ProjectConfigurationPlatforms) = postSolution
		{A01EDDBC-DF83-4A6C-B882-4F4127DD58D9}.Debug|Any CPU.ActiveCfg = Debug|Any CPU
		{A01EDDBC-DF83-4A6C-B882-4F4127DD58D9}.Debug|Any CPU.Build.0 = Debug|Any CPU
		{A01EDDBC-DF83-4A6C-B882-4F4127DD58D9}.Release|Any CPU.ActiveCfg = Release|Any CPU
		{A01EDDBC-DF83-4A6C-B882-4F4127DD58D9}.Release|Any CPU.Build.0 = Release|Any CPU
		{A23162CB-6B63-4A27-AD8B-2830CBD80C67}.Debug|Any CPU.ActiveCfg = Debug|Any CPU
		{A23162CB-6B63-4A27-AD8B-2830CBD80C67}.Debug|Any CPU.Build.0 = Debug|Any CPU
		{A23162CB-6B63-4A27-AD8B-2830CBD80C67}.Release|Any CPU.ActiveCfg = Release|Any CPU
		{A23162CB-6B63-4A27-AD8B-2830CBD80C67}.Release|Any CPU.Build.0 = Release|Any CPU
		{2688BA58-FC43-4759-9A15-7C61BBF03B9B}.Debug|Any CPU.ActiveCfg = Debug|Any CPU
		{2688BA58-FC43-4759-9A15-7C61BBF03B9B}.Debug|Any CPU.Build.0 = Debug|Any CPU
		{2688BA58-FC43-4759-9A15-7C61BBF03B9B}.Release|Any CPU.ActiveCfg = Release|Any CPU
		{2688BA58-FC43-4759-9A15-7C61BBF03B9B}.Release|Any CPU.Build.0 = Release|Any CPU
	EndGlobalSection
	GlobalSection(SolutionProperties) = preSolution
		HideSolutionNode = FALSE
	EndGlobalSection
	GlobalSection(ExtensibilityGlobals) = postSolution
		SolutionGuid = {6470C007-E0BB-423E-9568-E30BD6F1D6EE}
	EndGlobalSection
EndGlobal
